
Microsoft Visual Studio Solution File, Format Version 12.00
# Visual Studio Version 17
VisualStudioVersion = 17.3.32819.101
MinimumVisualStudioVersion = 10.0.40219.1
Project("{9A19103F-16F7-4668-BE54-9A1E7A4F7556}") = "Equations", "Equations\Equations.csproj", "{6B777032-219A-40B0-928D-5803C1D36089}"
EndProject
Project("{FAE04EC0-301F-11D3-BF4B-00C04F79EFBC}") = "Solver", "Solver\Solver.csproj", "{CE3C563B-A523-4AA8-8F84-7D8328562CE8}"
EndProject
Project("{FAE04EC0-301F-11D3-BF4B-00C04F79EFBC}") = "Solver.Tests", "Solver.Tests\Solver.Tests.csproj", "{0FADCC3F-880C-491C-B396-F701B46F6394}"
EndProject
Global
	GlobalSection(SolutionConfigurationPlatforms) = preSolution
		Debug|Any CPU = Debug|Any CPU
		Release|Any CPU = Release|Any CPU
	EndGlobalSection
	GlobalSection(ProjectConfigurationPlatforms) = postSolution
		{6B777032-219A-40B0-928D-5803C1D36089}.Debug|Any CPU.ActiveCfg = Debug|Any CPU
		{6B777032-219A-40B0-928D-5803C1D36089}.Debug|Any CPU.Build.0 = Debug|Any CPU
		{6B777032-219A-40B0-928D-5803C1D36089}.Release|Any CPU.ActiveCfg = Release|Any CPU
		{6B777032-219A-40B0-928D-5803C1D36089}.Release|Any CPU.Build.0 = Release|Any CPU
		{CE3C563B-A523-4AA8-8F84-7D8328562CE8}.Debug|Any CPU.ActiveCfg = Debug|Any CPU
		{CE3C563B-A523-4AA8-8F84-7D8328562CE8}.Debug|Any CPU.Build.0 = Debug|Any CPU
		{CE3C563B-A523-4AA8-8F84-7D8328562CE8}.Release|Any CPU.ActiveCfg = Release|Any CPU
		{CE3C563B-A523-4AA8-8F84-7D8328562CE8}.Release|Any CPU.Build.0 = Release|Any CPU
		{0FADCC3F-880C-491C-B396-F701B46F6394}.Debug|Any CPU.ActiveCfg = Debug|Any CPU
		{0FADCC3F-880C-491C-B396-F701B46F6394}.Debug|Any CPU.Build.0 = Debug|Any CPU
		{0FADCC3F-880C-491C-B396-F701B46F6394}.Release|Any CPU.ActiveCfg = Release|Any CPU
		{0FADCC3F-880C-491C-B396-F701B46F6394}.Release|Any CPU.Build.0 = Release|Any CPU
	EndGlobalSection
	GlobalSection(SolutionProperties) = preSolution
		HideSolutionNode = FALSE
	EndGlobalSection
	GlobalSection(ExtensibilityGlobals) = postSolution
		SolutionGuid = {0B86AA11-03E2-461E-8974-4FB2FF8D3B19}
	EndGlobalSection
EndGlobal
